
Microsoft Visual Studio Solution File, Format Version 12.00
# Visual Studio Version 16
VisualStudioVersion = 16.0.31911.196
MinimumVisualStudioVersion = 10.0.40219.1
Project("{FAE04EC0-301F-11D3-BF4B-00C04F79EFBC}") = "Problème scientifique - Image", "Problème scientifique - Image.csproj", "{26091D59-73F9-4B63-8DCD-AEB64F84F275}"
EndProject
Global
	GlobalSection(SolutionConfigurationPlatforms) = preSolution
		Debug|Any CPU = Debug|Any CPU
		Release|Any CPU = Release|Any CPU
	EndGlobalSection
	GlobalSection(ProjectConfigurationPlatforms) = postSolution
		{26091D59-73F9-4B63-8DCD-AEB64F84F275}.Debug|Any CPU.ActiveCfg = Debug|Any CPU
		{26091D59-73F9-4B63-8DCD-AEB64F84F275}.Debug|Any CPU.Build.0 = Debug|Any CPU
		{26091D59-73F9-4B63-8DCD-AEB64F84F275}.Release|Any CPU.ActiveCfg = Release|Any CPU
		{26091D59-73F9-4B63-8DCD-AEB64F84F275}.Release|Any CPU.Build.0 = Release|Any CPU
	EndGlobalSection
	GlobalSection(SolutionProperties) = preSolution
		HideSolutionNode = FALSE
	EndGlobalSection
	GlobalSection(ExtensibilityGlobals) = postSolution
		SolutionGuid = {9796C550-FB6B-4A59-92A4-84A09F9A4B6C}
	EndGlobalSection
EndGlobal
